// !$*UTF8*$!
{
	archiveVersion = 1;
	classes = {
	};
	objectVersion = 46;
	objects = {

/* Begin PBXBuildFile section */
		0BF24CF84A798BF6DD355347 /* libPods.a in Frameworks */ = {isa = PBXBuildFile; fileRef = 51D0DB08912F343D343038A0 /* libPods.a */; };
		5A25BB4A1CEAD96100C217EB /* AppDelegate.m in Sources */ = {isa = PBXBuildFile; fileRef = 5A25BB481CEAD96100C217EB /* AppDelegate.m */; };
		5A25BB4B1CEAD96100C217EB /* Foundation+Log.m in Sources */ = {isa = PBXBuildFile; fileRef = 5A25BB491CEAD96100C217EB /* Foundation+Log.m */; };
		5A25BB4E1CEADCBC00C217EB /* BSNewFeature.m in Sources */ = {isa = PBXBuildFile; fileRef = 5A25BB4D1CEADCBC00C217EB /* BSNewFeature.m */; };
		5A25BB501CEADCCB00C217EB /* BSNewFeature.xib in Resources */ = {isa = PBXBuildFile; fileRef = 5A25BB4F1CEADCCB00C217EB /* BSNewFeature.xib */; };
		5A25BB541CEAF81D00C217EB /* BSTextField.m in Sources */ = {isa = PBXBuildFile; fileRef = 5A25BB531CEAF81D00C217EB /* BSTextField.m */; };
		5A7BA5481CE469ED004AD4CA /* main.m in Sources */ = {isa = PBXBuildFile; fileRef = 5A7BA5471CE469ED004AD4CA /* main.m */; };
		5A7BA5531CE469ED004AD4CA /* Assets.xcassets in Resources */ = {isa = PBXBuildFile; fileRef = 5A7BA5521CE469ED004AD4CA /* Assets.xcassets */; };
		5A7BA5611CE469ED004AD4CA /* _____Tests.m in Sources */ = {isa = PBXBuildFile; fileRef = 5A7BA5601CE469ED004AD4CA /* _____Tests.m */; };
		5A7BA56C1CE469ED004AD4CA /* _____UITests.m in Sources */ = {isa = PBXBuildFile; fileRef = 5A7BA56B1CE469ED004AD4CA /* _____UITests.m */; };
		5A838D651CEEEF8C002E1D4E /* NSDate+BSDateExtension.m in Sources */ = {isa = PBXBuildFile; fileRef = 5A838D641CEEEF8C002E1D4E /* NSDate+BSDateExtension.m */; };
		5A838D681CEEFB42002E1D4E /* BSBaseTableViewController.m in Sources */ = {isa = PBXBuildFile; fileRef = 5A838D671CEEFB42002E1D4E /* BSBaseTableViewController.m */; };
		5AA668421CE5626C008EB020 /* UIView+BSView.m in Sources */ = {isa = PBXBuildFile; fileRef = 5AA668411CE5626C008EB020 /* UIView+BSView.m */; };
		5AA75A231CED818600ECCB73 /* BSTopics.m in Sources */ = {isa = PBXBuildFile; fileRef = 5AA75A221CED818600ECCB73 /* BSTopics.m */; };
		5AA75A281CED869E00ECCB73 /* BSTopicCell.m in Sources */ = {isa = PBXBuildFile; fileRef = 5AA75A261CED869E00ECCB73 /* BSTopicCell.m */; };
		5AA75A291CED869E00ECCB73 /* BSTopicCell.xib in Resources */ = {isa = PBXBuildFile; fileRef = 5AA75A271CED869E00ECCB73 /* BSTopicCell.xib */; };
		5AA75A2F1CEDB7CA00ECCB73 /* NSObject+BSConst.m in Sources */ = {isa = PBXBuildFile; fileRef = 5AA75A2E1CEDB7CA00ECCB73 /* NSObject+BSConst.m */; };
		5AAB911B1CE9CAFA0096945E /* BSTagSettingViewController.m in Sources */ = {isa = PBXBuildFile; fileRef = 5AAB91191CE9CAFA0096945E /* BSTagSettingViewController.m */; };
		5AAB91201CE9CDF10096945E /* BSTagSettingTableViewCell.m in Sources */ = {isa = PBXBuildFile; fileRef = 5AAB911E1CE9CDF10096945E /* BSTagSettingTableViewCell.m */; };
		5AAB91211CE9CDF10096945E /* BSTagSettingTableViewCell.xib in Resources */ = {isa = PBXBuildFile; fileRef = 5AAB911F1CE9CDF10096945E /* BSTagSettingTableViewCell.xib */; };
		5AAB91241CE9D0220096945E /* BSTag.m in Sources */ = {isa = PBXBuildFile; fileRef = 5AAB91231CE9D0220096945E /* BSTag.m */; };
		5AC4190C1CE49E0E00BC42FA /* BSTabBarController.m in Sources */ = {isa = PBXBuildFile; fileRef = 5AC4190B1CE49E0E00BC42FA /* BSTabBarController.m */; };
		5AC4190F1CE49EFA00BC42FA /* BSEssenceViewController.m in Sources */ = {isa = PBXBuildFile; fileRef = 5AC4190E1CE49EFA00BC42FA /* BSEssenceViewController.m */; };
		5AC419121CE49F0F00BC42FA /* BSMeViewController.m in Sources */ = {isa = PBXBuildFile; fileRef = 5AC419111CE49F0F00BC42FA /* BSMeViewController.m */; };
		5AC419151CE49F2A00BC42FA /* BSFriendTrendsViewController.m in Sources */ = {isa = PBXBuildFile; fileRef = 5AC419141CE49F2A00BC42FA /* BSFriendTrendsViewController.m */; };
		5AC419181CE49F4300BC42FA /* BSNewClickViewController.m in Sources */ = {isa = PBXBuildFile; fileRef = 5AC419171CE49F4300BC42FA /* BSNewClickViewController.m */; };
		5AC4191B1CE4B0B000BC42FA /* BSTabBar.m in Sources */ = {isa = PBXBuildFile; fileRef = 5AC4191A1CE4B0B000BC42FA /* BSTabBar.m */; };
		5ACAB8FF1CE84E0500695257 /* BSRecommendUser.m in Sources */ = {isa = PBXBuildFile; fileRef = 5ACAB8FE1CE84E0500695257 /* BSRecommendUser.m */; };
		5ACAB9031CE8504200695257 /* BSRecommendUserTableViewCell.m in Sources */ = {isa = PBXBuildFile; fileRef = 5ACAB9011CE8504200695257 /* BSRecommendUserTableViewCell.m */; };
		5ACAB9041CE8504200695257 /* BSRecommendUserTableViewCell.xib in Resources */ = {isa = PBXBuildFile; fileRef = 5ACAB9021CE8504200695257 /* BSRecommendUserTableViewCell.xib */; };
		5ACBD1EB1CE6E31200B0AF24 /* BSNavigationController.m in Sources */ = {isa = PBXBuildFile; fileRef = 5ACBD1EA1CE6E31200B0AF24 /* BSNavigationController.m */; };
		5ACBD1EE1CE6F44100B0AF24 /* UIBarButtonItem+BSBarButtonItem.m in Sources */ = {isa = PBXBuildFile; fileRef = 5ACBD1ED1CE6F44100B0AF24 /* UIBarButtonItem+BSBarButtonItem.m */; };
		5AED8DF11CE7432900F06CC6 /* BSFriendTrendsViewController.xib in Resources */ = {isa = PBXBuildFile; fileRef = 5AED8DF01CE7432900F06CC6 /* BSFriendTrendsViewController.xib */; };
		5AED8DF51CE74B4200F06CC6 /* BSRecommandController.m in Sources */ = {isa = PBXBuildFile; fileRef = 5AED8DF31CE74B4200F06CC6 /* BSRecommandController.m */; };
		5AED8DF61CE74B4200F06CC6 /* BSRecommandController.xib in Resources */ = {isa = PBXBuildFile; fileRef = 5AED8DF41CE74B4200F06CC6 /* BSRecommandController.xib */; };
		5AED8DFB1CE756CA00F06CC6 /* BSRecommendCategory.m in Sources */ = {isa = PBXBuildFile; fileRef = 5AED8DFA1CE756CA00F06CC6 /* BSRecommendCategory.m */; };
		5AED8E021CE7595100F06CC6 /* BSRecommendCategotyTableViewCell.m in Sources */ = {isa = PBXBuildFile; fileRef = 5AED8E001CE7595100F06CC6 /* BSRecommendCategotyTableViewCell.m */; };
		5AED8E031CE7595100F06CC6 /* BSRecommendCategotyTableViewCell.xib in Resources */ = {isa = PBXBuildFile; fileRef = 5AED8E011CE7595100F06CC6 /* BSRecommendCategotyTableViewCell.xib */; };
		5AEFB81D1CF05272000AAA78 /* BSPictureView.m in Sources */ = {isa = PBXBuildFile; fileRef = 5AEFB81C1CF05272000AAA78 /* BSPictureView.m */; };
		5AEFB81F1CF05288000AAA78 /* BSPictureView.xib in Resources */ = {isa = PBXBuildFile; fileRef = 5AEFB81E1CF05288000AAA78 /* BSPictureView.xib */; };
		5AEFB8281CF085BA000AAA78 /* BSProgressView.m in Sources */ = {isa = PBXBuildFile; fileRef = 5AEFB8271CF085BA000AAA78 /* BSProgressView.m */; };
		5AF5BEDF1CEA0C780037589A /* UIImage+BSImage.m in Sources */ = {isa = PBXBuildFile; fileRef = 5AF5BEDE1CEA0C780037589A /* UIImage+BSImage.m */; };
		5AF5BEE21CEA10810037589A /* BSAutoLoginController.m in Sources */ = {isa = PBXBuildFile; fileRef = 5AF5BEE11CEA10810037589A /* BSAutoLoginController.m */; };
		5AF5BEE41CEA11360037589A /* BSAutoLoginController.xib in Resources */ = {isa = PBXBuildFile; fileRef = 5AF5BEE31CEA11360037589A /* BSAutoLoginController.xib */; };
		5AF5BEE71CEA255B0037589A /* BSVerticalButton.m in Sources */ = {isa = PBXBuildFile; fileRef = 5AF5BEE61CEA255B0037589A /* BSVerticalButton.m */; };
/* End PBXBuildFile section */

/* Begin PBXContainerItemProxy section */
		5A7BA55D1CE469ED004AD4CA /* PBXContainerItemProxy */ = {
			isa = PBXContainerItemProxy;
			containerPortal = 5A7BA53B1CE469ED004AD4CA /* Project object */;
			proxyType = 1;
			remoteGlobalIDString = 5A7BA5421CE469ED004AD4CA;
			remoteInfo = "百思不得姐";
		};
		5A7BA5681CE469ED004AD4CA /* PBXContainerItemProxy */ = {
			isa = PBXContainerItemProxy;
			containerPortal = 5A7BA53B1CE469ED004AD4CA /* Project object */;
			proxyType = 1;
			remoteGlobalIDString = 5A7BA5421CE469ED004AD4CA;
			remoteInfo = "百思不得姐";
		};
/* End PBXContainerItemProxy section */

/* Begin PBXFileReference section */
		14B17412A890F7A578904E84 /* Pods.debug.xcconfig */ = {isa = PBXFileReference; includeInIndex = 1; lastKnownFileType = text.xcconfig; name = Pods.debug.xcconfig; path = "Pods/Target Support Files/Pods/Pods.debug.xcconfig"; sourceTree = "<group>"; };
		1AFF4041D4CC5C883E470F19 /* Pods.release.xcconfig */ = {isa = PBXFileReference; includeInIndex = 1; lastKnownFileType = text.xcconfig; name = Pods.release.xcconfig; path = "Pods/Target Support Files/Pods/Pods.release.xcconfig"; sourceTree = "<group>"; };
		51D0DB08912F343D343038A0 /* libPods.a */ = {isa = PBXFileReference; explicitFileType = archive.ar; includeInIndex = 0; path = libPods.a; sourceTree = BUILT_PRODUCTS_DIR; };
		5A25BB471CEAD96100C217EB /* AppDelegate.h */ = {isa = PBXFileReference; fileEncoding = 4; lastKnownFileType = sourcecode.c.h; path = AppDelegate.h; sourceTree = "<group>"; };
		5A25BB481CEAD96100C217EB /* AppDelegate.m */ = {isa = PBXFileReference; fileEncoding = 4; lastKnownFileType = sourcecode.c.objc; path = AppDelegate.m; sourceTree = "<group>"; };
		5A25BB491CEAD96100C217EB /* Foundation+Log.m */ = {isa = PBXFileReference; fileEncoding = 4; lastKnownFileType = sourcecode.c.objc; path = "Foundation+Log.m"; sourceTree = "<group>"; };
		5A25BB4C1CEADCBC00C217EB /* BSNewFeature.h */ = {isa = PBXFileReference; fileEncoding = 4; lastKnownFileType = sourcecode.c.h; name = BSNewFeature.h; path = "../Main(主控制器)/View/BSNewFeature.h"; sourceTree = "<group>"; };
		5A25BB4D1CEADCBC00C217EB /* BSNewFeature.m */ = {isa = PBXFileReference; fileEncoding = 4; lastKnownFileType = sourcecode.c.objc; name = BSNewFeature.m; path = "../Main(主控制器)/View/BSNewFeature.m"; sourceTree = "<group>"; };
		5A25BB4F1CEADCCB00C217EB /* BSNewFeature.xib */ = {isa = PBXFileReference; fileEncoding = 4; lastKnownFileType = file.xib; name = BSNewFeature.xib; path = "../Main(主控制器)/View/BSNewFeature.xib"; sourceTree = "<group>"; };
		5A25BB521CEAF81D00C217EB /* BSTextField.h */ = {isa = PBXFileReference; fileEncoding = 4; lastKnownFileType = sourcecode.c.h; path = BSTextField.h; sourceTree = "<group>"; };
		5A25BB531CEAF81D00C217EB /* BSTextField.m */ = {isa = PBXFileReference; fileEncoding = 4; lastKnownFileType = sourcecode.c.objc; path = BSTextField.m; sourceTree = "<group>"; };
		5A7BA5431CE469ED004AD4CA /* 百思不得姐.app */ = {isa = PBXFileReference; explicitFileType = wrapper.application; includeInIndex = 0; path = "百思不得姐.app"; sourceTree = BUILT_PRODUCTS_DIR; };
		5A7BA5471CE469ED004AD4CA /* main.m */ = {isa = PBXFileReference; lastKnownFileType = sourcecode.c.objc; path = main.m; sourceTree = "<group>"; };
		5A7BA5521CE469ED004AD4CA /* Assets.xcassets */ = {isa = PBXFileReference; lastKnownFileType = folder.assetcatalog; path = Assets.xcassets; sourceTree = "<group>"; };
		5A7BA5571CE469ED004AD4CA /* Info.plist */ = {isa = PBXFileReference; lastKnownFileType = text.plist.xml; path = Info.plist; sourceTree = "<group>"; };
		5A7BA55C1CE469ED004AD4CA /* 百思不得姐Tests.xctest */ = {isa = PBXFileReference; explicitFileType = wrapper.cfbundle; includeInIndex = 0; path = "百思不得姐Tests.xctest"; sourceTree = BUILT_PRODUCTS_DIR; };
		5A7BA5601CE469ED004AD4CA /* _____Tests.m */ = {isa = PBXFileReference; lastKnownFileType = sourcecode.c.objc; path = "_____Tests.m"; sourceTree = "<group>"; };
		5A7BA5621CE469ED004AD4CA /* Info.plist */ = {isa = PBXFileReference; lastKnownFileType = text.plist.xml; path = Info.plist; sourceTree = "<group>"; };
		5A7BA5671CE469ED004AD4CA /* 百思不得姐UITests.xctest */ = {isa = PBXFileReference; explicitFileType = wrapper.cfbundle; includeInIndex = 0; path = "百思不得姐UITests.xctest"; sourceTree = BUILT_PRODUCTS_DIR; };
		5A7BA56B1CE469ED004AD4CA /* _____UITests.m */ = {isa = PBXFileReference; lastKnownFileType = sourcecode.c.objc; path = "_____UITests.m"; sourceTree = "<group>"; };
		5A7BA56D1CE469ED004AD4CA /* Info.plist */ = {isa = PBXFileReference; lastKnownFileType = text.plist.xml; path = Info.plist; sourceTree = "<group>"; };
		5A838D631CEEEF8C002E1D4E /* NSDate+BSDateExtension.h */ = {isa = PBXFileReference; fileEncoding = 4; lastKnownFileType = sourcecode.c.h; path = "NSDate+BSDateExtension.h"; sourceTree = "<group>"; };
		5A838D641CEEEF8C002E1D4E /* NSDate+BSDateExtension.m */ = {isa = PBXFileReference; fileEncoding = 4; lastKnownFileType = sourcecode.c.objc; path = "NSDate+BSDateExtension.m"; sourceTree = "<group>"; };
		5A838D661CEEFB42002E1D4E /* BSBaseTableViewController.h */ = {isa = PBXFileReference; fileEncoding = 4; lastKnownFileType = sourcecode.c.h; path = BSBaseTableViewController.h; sourceTree = "<group>"; };
		5A838D671CEEFB42002E1D4E /* BSBaseTableViewController.m */ = {isa = PBXFileReference; fileEncoding = 4; lastKnownFileType = sourcecode.c.objc; path = BSBaseTableViewController.m; sourceTree = "<group>"; };
		5AA668401CE5626C008EB020 /* UIView+BSView.h */ = {isa = PBXFileReference; fileEncoding = 4; lastKnownFileType = sourcecode.c.h; name = "UIView+BSView.h"; path = "../UIView+BSView.h"; sourceTree = "<group>"; };
		5AA668411CE5626C008EB020 /* UIView+BSView.m */ = {isa = PBXFileReference; fileEncoding = 4; lastKnownFileType = sourcecode.c.objc; name = "UIView+BSView.m"; path = "../UIView+BSView.m"; sourceTree = "<group>"; };
		5AA668441CE56445008EB020 /* PrefixHeader.pch */ = {isa = PBXFileReference; lastKnownFileType = sourcecode.c.h; path = PrefixHeader.pch; sourceTree = "<group>"; };
		5AA75A211CED818600ECCB73 /* BSTopics.h */ = {isa = PBXFileReference; fileEncoding = 4; lastKnownFileType = sourcecode.c.h; path = BSTopics.h; sourceTree = "<group>"; };
		5AA75A221CED818600ECCB73 /* BSTopics.m */ = {isa = PBXFileReference; fileEncoding = 4; lastKnownFileType = sourcecode.c.objc; path = BSTopics.m; sourceTree = "<group>"; };
		5AA75A251CED869E00ECCB73 /* BSTopicCell.h */ = {isa = PBXFileReference; fileEncoding = 4; lastKnownFileType = sourcecode.c.h; path = BSTopicCell.h; sourceTree = "<group>"; };
		5AA75A261CED869E00ECCB73 /* BSTopicCell.m */ = {isa = PBXFileReference; fileEncoding = 4; lastKnownFileType = sourcecode.c.objc; path = BSTopicCell.m; sourceTree = "<group>"; };
		5AA75A271CED869E00ECCB73 /* BSTopicCell.xib */ = {isa = PBXFileReference; fileEncoding = 4; lastKnownFileType = file.xib; path = BSTopicCell.xib; sourceTree = "<group>"; };
		5AA75A2D1CEDB7CA00ECCB73 /* NSObject+BSConst.h */ = {isa = PBXFileReference; fileEncoding = 4; lastKnownFileType = sourcecode.c.h; path = "NSObject+BSConst.h"; sourceTree = "<group>"; };
		5AA75A2E1CEDB7CA00ECCB73 /* NSObject+BSConst.m */ = {isa = PBXFileReference; fileEncoding = 4; lastKnownFileType = sourcecode.c.objc; path = "NSObject+BSConst.m"; sourceTree = "<group>"; };
		5AAB91181CE9CAFA0096945E /* BSTagSettingViewController.h */ = {isa = PBXFileReference; fileEncoding = 4; lastKnownFileType = sourcecode.c.h; path = BSTagSettingViewController.h; sourceTree = "<group>"; };
		5AAB91191CE9CAFA0096945E /* BSTagSettingViewController.m */ = {isa = PBXFileReference; fileEncoding = 4; lastKnownFileType = sourcecode.c.objc; path = BSTagSettingViewController.m; sourceTree = "<group>"; };
		5AAB911D1CE9CDF10096945E /* BSTagSettingTableViewCell.h */ = {isa = PBXFileReference; fileEncoding = 4; lastKnownFileType = sourcecode.c.h; path = BSTagSettingTableViewCell.h; sourceTree = "<group>"; };
		5AAB911E1CE9CDF10096945E /* BSTagSettingTableViewCell.m */ = {isa = PBXFileReference; fileEncoding = 4; lastKnownFileType = sourcecode.c.objc; path = BSTagSettingTableViewCell.m; sourceTree = "<group>"; };
		5AAB911F1CE9CDF10096945E /* BSTagSettingTableViewCell.xib */ = {isa = PBXFileReference; fileEncoding = 4; lastKnownFileType = file.xib; path = BSTagSettingTableViewCell.xib; sourceTree = "<group>"; };
		5AAB91221CE9D0220096945E /* BSTag.h */ = {isa = PBXFileReference; fileEncoding = 4; lastKnownFileType = sourcecode.c.h; path = BSTag.h; sourceTree = "<group>"; };
		5AAB91231CE9D0220096945E /* BSTag.m */ = {isa = PBXFileReference; fileEncoding = 4; lastKnownFileType = sourcecode.c.objc; path = BSTag.m; sourceTree = "<group>"; };
		5AC4190A1CE49E0E00BC42FA /* BSTabBarController.h */ = {isa = PBXFileReference; fileEncoding = 4; lastKnownFileType = sourcecode.c.h; path = BSTabBarController.h; sourceTree = "<group>"; };
		5AC4190B1CE49E0E00BC42FA /* BSTabBarController.m */ = {isa = PBXFileReference; fileEncoding = 4; lastKnownFileType = sourcecode.c.objc; path = BSTabBarController.m; sourceTree = "<group>"; };
		5AC4190D1CE49EFA00BC42FA /* BSEssenceViewController.h */ = {isa = PBXFileReference; fileEncoding = 4; lastKnownFileType = sourcecode.c.h; path = BSEssenceViewController.h; sourceTree = "<group>"; };
		5AC4190E1CE49EFA00BC42FA /* BSEssenceViewController.m */ = {isa = PBXFileReference; fileEncoding = 4; lastKnownFileType = sourcecode.c.objc; path = BSEssenceViewController.m; sourceTree = "<group>"; };
		5AC419101CE49F0F00BC42FA /* BSMeViewController.h */ = {isa = PBXFileReference; fileEncoding = 4; lastKnownFileType = sourcecode.c.h; path = BSMeViewController.h; sourceTree = "<group>"; };
		5AC419111CE49F0F00BC42FA /* BSMeViewController.m */ = {isa = PBXFileReference; fileEncoding = 4; lastKnownFileType = sourcecode.c.objc; path = BSMeViewController.m; sourceTree = "<group>"; };
		5AC419131CE49F2A00BC42FA /* BSFriendTrendsViewController.h */ = {isa = PBXFileReference; fileEncoding = 4; lastKnownFileType = sourcecode.c.h; path = BSFriendTrendsViewController.h; sourceTree = "<group>"; };
		5AC419141CE49F2A00BC42FA /* BSFriendTrendsViewController.m */ = {isa = PBXFileReference; fileEncoding = 4; lastKnownFileType = sourcecode.c.objc; path = BSFriendTrendsViewController.m; sourceTree = "<group>"; };
		5AC419161CE49F4300BC42FA /* BSNewClickViewController.h */ = {isa = PBXFileReference; fileEncoding = 4; lastKnownFileType = sourcecode.c.h; path = BSNewClickViewController.h; sourceTree = "<group>"; };
		5AC419171CE49F4300BC42FA /* BSNewClickViewController.m */ = {isa = PBXFileReference; fileEncoding = 4; lastKnownFileType = sourcecode.c.objc; path = BSNewClickViewController.m; sourceTree = "<group>"; };
		5AC419191CE4B0B000BC42FA /* BSTabBar.h */ = {isa = PBXFileReference; fileEncoding = 4; lastKnownFileType = sourcecode.c.h; path = BSTabBar.h; sourceTree = "<group>"; };
		5AC4191A1CE4B0B000BC42FA /* BSTabBar.m */ = {isa = PBXFileReference; fileEncoding = 4; lastKnownFileType = sourcecode.c.objc; path = BSTabBar.m; sourceTree = "<group>"; };
		5ACAB8FD1CE84E0500695257 /* BSRecommendUser.h */ = {isa = PBXFileReference; fileEncoding = 4; lastKnownFileType = sourcecode.c.h; path = BSRecommendUser.h; sourceTree = "<group>"; };
		5ACAB8FE1CE84E0500695257 /* BSRecommendUser.m */ = {isa = PBXFileReference; fileEncoding = 4; lastKnownFileType = sourcecode.c.objc; path = BSRecommendUser.m; sourceTree = "<group>"; };
		5ACAB9001CE8504200695257 /* BSRecommendUserTableViewCell.h */ = {isa = PBXFileReference; fileEncoding = 4; lastKnownFileType = sourcecode.c.h; path = BSRecommendUserTableViewCell.h; sourceTree = "<group>"; };
		5ACAB9011CE8504200695257 /* BSRecommendUserTableViewCell.m */ = {isa = PBXFileReference; fileEncoding = 4; lastKnownFileType = sourcecode.c.objc; path = BSRecommendUserTableViewCell.m; sourceTree = "<group>"; };
		5ACAB9021CE8504200695257 /* BSRecommendUserTableViewCell.xib */ = {isa = PBXFileReference; fileEncoding = 4; lastKnownFileType = file.xib; path = BSRecommendUserTableViewCell.xib; sourceTree = "<group>"; };
		5ACBD1E91CE6E31200B0AF24 /* BSNavigationController.h */ = {isa = PBXFileReference; fileEncoding = 4; lastKnownFileType = sourcecode.c.h; path = BSNavigationController.h; sourceTree = "<group>"; };
		5ACBD1EA1CE6E31200B0AF24 /* BSNavigationController.m */ = {isa = PBXFileReference; fileEncoding = 4; lastKnownFileType = sourcecode.c.objc; path = BSNavigationController.m; sourceTree = "<group>"; };
		5ACBD1EC1CE6F44100B0AF24 /* UIBarButtonItem+BSBarButtonItem.h */ = {isa = PBXFileReference; fileEncoding = 4; lastKnownFileType = sourcecode.c.h; path = "UIBarButtonItem+BSBarButtonItem.h"; sourceTree = "<group>"; };
		5ACBD1ED1CE6F44100B0AF24 /* UIBarButtonItem+BSBarButtonItem.m */ = {isa = PBXFileReference; fileEncoding = 4; lastKnownFileType = sourcecode.c.objc; path = "UIBarButtonItem+BSBarButtonItem.m"; sourceTree = "<group>"; };
		5AED8DF01CE7432900F06CC6 /* BSFriendTrendsViewController.xib */ = {isa = PBXFileReference; fileEncoding = 4; lastKnownFileType = file.xib; path = BSFriendTrendsViewController.xib; sourceTree = "<group>"; };
		5AED8DF21CE74B4200F06CC6 /* BSRecommandController.h */ = {isa = PBXFileReference; fileEncoding = 4; lastKnownFileType = sourcecode.c.h; path = BSRecommandController.h; sourceTree = "<group>"; };
		5AED8DF31CE74B4200F06CC6 /* BSRecommandController.m */ = {isa = PBXFileReference; fileEncoding = 4; lastKnownFileType = sourcecode.c.objc; path = BSRecommandController.m; sourceTree = "<group>"; };
		5AED8DF41CE74B4200F06CC6 /* BSRecommandController.xib */ = {isa = PBXFileReference; fileEncoding = 4; lastKnownFileType = file.xib; path = BSRecommandController.xib; sourceTree = "<group>"; };
		5AED8DF91CE756CA00F06CC6 /* BSRecommendCategory.h */ = {isa = PBXFileReference; fileEncoding = 4; lastKnownFileType = sourcecode.c.h; name = BSRecommendCategory.h; path = ../View/BSRecommendCategory.h; sourceTree = "<group>"; };
		5AED8DFA1CE756CA00F06CC6 /* BSRecommendCategory.m */ = {isa = PBXFileReference; fileEncoding = 4; lastKnownFileType = sourcecode.c.objc; name = BSRecommendCategory.m; path = ../View/BSRecommendCategory.m; sourceTree = "<group>"; };
		5AED8DFF1CE7595100F06CC6 /* BSRecommendCategotyTableViewCell.h */ = {isa = PBXFileReference; fileEncoding = 4; lastKnownFileType = sourcecode.c.h; path = BSRecommendCategotyTableViewCell.h; sourceTree = "<group>"; };
		5AED8E001CE7595100F06CC6 /* BSRecommendCategotyTableViewCell.m */ = {isa = PBXFileReference; fileEncoding = 4; lastKnownFileType = sourcecode.c.objc; path = BSRecommendCategotyTableViewCell.m; sourceTree = "<group>"; };
		5AED8E011CE7595100F06CC6 /* BSRecommendCategotyTableViewCell.xib */ = {isa = PBXFileReference; fileEncoding = 4; lastKnownFileType = file.xib; path = BSRecommendCategotyTableViewCell.xib; sourceTree = "<group>"; };
		5AEFB81B1CF05272000AAA78 /* BSPictureView.h */ = {isa = PBXFileReference; fileEncoding = 4; lastKnownFileType = sourcecode.c.h; path = BSPictureView.h; sourceTree = "<group>"; };
		5AEFB81C1CF05272000AAA78 /* BSPictureView.m */ = {isa = PBXFileReference; fileEncoding = 4; lastKnownFileType = sourcecode.c.objc; path = BSPictureView.m; sourceTree = "<group>"; };
		5AEFB81E1CF05288000AAA78 /* BSPictureView.xib */ = {isa = PBXFileReference; fileEncoding = 4; lastKnownFileType = file.xib; path = BSPictureView.xib; sourceTree = "<group>"; };
		5AEFB8261CF085BA000AAA78 /* BSProgressView.h */ = {isa = PBXFileReference; fileEncoding = 4; lastKnownFileType = sourcecode.c.h; path = BSProgressView.h; sourceTree = "<group>"; };
		5AEFB8271CF085BA000AAA78 /* BSProgressView.m */ = {isa = PBXFileReference; fileEncoding = 4; lastKnownFileType = sourcecode.c.objc; path = BSProgressView.m; sourceTree = "<group>"; };
		5AF5BEDD1CEA0C780037589A /* UIImage+BSImage.h */ = {isa = PBXFileReference; fileEncoding = 4; lastKnownFileType = sourcecode.c.h; path = "UIImage+BSImage.h"; sourceTree = "<group>"; };
		5AF5BEDE1CEA0C780037589A /* UIImage+BSImage.m */ = {isa = PBXFileReference; fileEncoding = 4; lastKnownFileType = sourcecode.c.objc; path = "UIImage+BSImage.m"; sourceTree = "<group>"; };
		5AF5BEE01CEA10810037589A /* BSAutoLoginController.h */ = {isa = PBXFileReference; fileEncoding = 4; lastKnownFileType = sourcecode.c.h; path = BSAutoLoginController.h; sourceTree = "<group>"; };
		5AF5BEE11CEA10810037589A /* BSAutoLoginController.m */ = {isa = PBXFileReference; fileEncoding = 4; lastKnownFileType = sourcecode.c.objc; path = BSAutoLoginController.m; sourceTree = "<group>"; };
		5AF5BEE31CEA11360037589A /* BSAutoLoginController.xib */ = {isa = PBXFileReference; fileEncoding = 4; lastKnownFileType = file.xib; path = BSAutoLoginController.xib; sourceTree = "<group>"; };
		5AF5BEE51CEA255B0037589A /* BSVerticalButton.h */ = {isa = PBXFileReference; fileEncoding = 4; lastKnownFileType = sourcecode.c.h; path = BSVerticalButton.h; sourceTree = "<group>"; };
		5AF5BEE61CEA255B0037589A /* BSVerticalButton.m */ = {isa = PBXFileReference; fileEncoding = 4; lastKnownFileType = sourcecode.c.objc; path = BSVerticalButton.m; sourceTree = "<group>"; };
/* End PBXFileReference section */

/* Begin PBXFrameworksBuildPhase section */
		5A7BA5401CE469ED004AD4CA /* Frameworks */ = {
			isa = PBXFrameworksBuildPhase;
			buildActionMask = 2147483647;
			files = (
				0BF24CF84A798BF6DD355347 /* libPods.a in Frameworks */,
			);
			runOnlyForDeploymentPostprocessing = 0;
		};
		5A7BA5591CE469ED004AD4CA /* Frameworks */ = {
			isa = PBXFrameworksBuildPhase;
			buildActionMask = 2147483647;
			files = (
			);
			runOnlyForDeploymentPostprocessing = 0;
		};
		5A7BA5641CE469ED004AD4CA /* Frameworks */ = {
			isa = PBXFrameworksBuildPhase;
			buildActionMask = 2147483647;
			files = (
			);
			runOnlyForDeploymentPostprocessing = 0;
		};
/* End PBXFrameworksBuildPhase section */

/* Begin PBXGroup section */
		253EBEAA64B5A5C4FB2FF1A2 /* Frameworks */ = {
			isa = PBXGroup;
			children = (
				51D0DB08912F343D343038A0 /* libPods.a */,
			);
			name = Frameworks;
			sourceTree = "<group>";
		};
		5A25BB381CEAD82500C217EB /* Category */ = {
			isa = PBXGroup;
			children = (
				5ACBD1EC1CE6F44100B0AF24 /* UIBarButtonItem+BSBarButtonItem.h */,
				5ACBD1ED1CE6F44100B0AF24 /* UIBarButtonItem+BSBarButtonItem.m */,
				5AA668401CE5626C008EB020 /* UIView+BSView.h */,
				5AA668411CE5626C008EB020 /* UIView+BSView.m */,
				5AF5BEDD1CEA0C780037589A /* UIImage+BSImage.h */,
				5AF5BEDE1CEA0C780037589A /* UIImage+BSImage.m */,
				5AA75A2D1CEDB7CA00ECCB73 /* NSObject+BSConst.h */,
				5AA75A2E1CEDB7CA00ECCB73 /* NSObject+BSConst.m */,
				5A838D631CEEEF8C002E1D4E /* NSDate+BSDateExtension.h */,
				5A838D641CEEEF8C002E1D4E /* NSDate+BSDateExtension.m */,
			);
			name = Category;
			sourceTree = "<group>";
		};
		5A25BB391CEAD8B600C217EB /* other */ = {
			isa = PBXGroup;
			children = (
				5A25BB511CEAEB7700C217EB /* View */,
				5A25BB471CEAD96100C217EB /* AppDelegate.h */,
				5A25BB481CEAD96100C217EB /* AppDelegate.m */,
				5A25BB491CEAD96100C217EB /* Foundation+Log.m */,
			);
			path = other;
			sourceTree = "<group>";
		};
		5A25BB511CEAEB7700C217EB /* View */ = {
			isa = PBXGroup;
			children = (
				5A25BB4C1CEADCBC00C217EB /* BSNewFeature.h */,
				5A25BB4D1CEADCBC00C217EB /* BSNewFeature.m */,
				5A25BB4F1CEADCCB00C217EB /* BSNewFeature.xib */,
			);
			name = View;
			sourceTree = "<group>";
		};
		5A7BA53A1CE469ED004AD4CA = {
			isa = PBXGroup;
			children = (
				5A7BA5451CE469ED004AD4CA /* 百思不得姐 */,
				5A7BA55F1CE469ED004AD4CA /* 百思不得姐Tests */,
				5A7BA56A1CE469ED004AD4CA /* 百思不得姐UITests */,
				5A7BA5441CE469ED004AD4CA /* Products */,
				9A4A7476A01E14AD6C24982D /* Pods */,
				253EBEAA64B5A5C4FB2FF1A2 /* Frameworks */,
			);
			sourceTree = "<group>";
		};
		5A7BA5441CE469ED004AD4CA /* Products */ = {
			isa = PBXGroup;
			children = (
				5A7BA5431CE469ED004AD4CA /* 百思不得姐.app */,
				5A7BA55C1CE469ED004AD4CA /* 百思不得姐Tests.xctest */,
				5A7BA5671CE469ED004AD4CA /* 百思不得姐UITests.xctest */,
			);
			name = Products;
			sourceTree = "<group>";
		};
		5A7BA5451CE469ED004AD4CA /* 百思不得姐 */ = {
			isa = PBXGroup;
			children = (
				5AC418E21CE49CA300BC42FA /* essence(精华) */,
				5AC418FA1CE49CF400BC42FA /* Me(我的) */,
				5AC418F61CE49CEA00BC42FA /* friendTrends(关注) */,
				5AC418EA1CE49CB900BC42FA /* newclick(最新) */,
				5AC419061CE49D9400BC42FA /* Main(主控制器) */,
				5A25BB391CEAD8B600C217EB /* other */,
				5A7BA5461CE469ED004AD4CA /* Supporting Files */,
			);
			path = "百思不得姐";
			sourceTree = "<group>";
		};
		5A7BA5461CE469ED004AD4CA /* Supporting Files */ = {
			isa = PBXGroup;
			children = (
				5A25BB381CEAD82500C217EB /* Category */,
				5A7BA5521CE469ED004AD4CA /* Assets.xcassets */,
				5A7BA5571CE469ED004AD4CA /* Info.plist */,
				5A7BA5471CE469ED004AD4CA /* main.m */,
				5AA668441CE56445008EB020 /* PrefixHeader.pch */,
			);
			name = "Supporting Files";
			sourceTree = "<group>";
		};
		5A7BA55F1CE469ED004AD4CA /* 百思不得姐Tests */ = {
			isa = PBXGroup;
			children = (
				5A7BA5601CE469ED004AD4CA /* _____Tests.m */,
				5A7BA5621CE469ED004AD4CA /* Info.plist */,
			);
			path = "百思不得姐Tests";
			sourceTree = "<group>";
		};
		5A7BA56A1CE469ED004AD4CA /* 百思不得姐UITests */ = {
			isa = PBXGroup;
			children = (
				5A7BA56B1CE469ED004AD4CA /* _____UITests.m */,
				5A7BA56D1CE469ED004AD4CA /* Info.plist */,
			);
			path = "百思不得姐UITests";
			sourceTree = "<group>";
		};
		5AA75A201CED814800ECCB73 /* ChildModel */ = {
			isa = PBXGroup;
			children = (
				5AA75A211CED818600ECCB73 /* BSTopics.h */,
				5AA75A221CED818600ECCB73 /* BSTopics.m */,
			);
			name = ChildModel;
			sourceTree = "<group>";
		};
		5AA75A241CED818C00ECCB73 /* ChildView */ = {
			isa = PBXGroup;
			children = (
				5AA75A251CED869E00ECCB73 /* BSTopicCell.h */,
				5AA75A261CED869E00ECCB73 /* BSTopicCell.m */,
				5AA75A271CED869E00ECCB73 /* BSTopicCell.xib */,
				5AEFB81B1CF05272000AAA78 /* BSPictureView.h */,
				5AEFB81C1CF05272000AAA78 /* BSPictureView.m */,
				5AEFB81E1CF05288000AAA78 /* BSPictureView.xib */,
				5AEFB8261CF085BA000AAA78 /* BSProgressView.h */,
				5AEFB8271CF085BA000AAA78 /* BSProgressView.m */,
			);
			name = ChildView;
			sourceTree = "<group>";
		};
		5AC418E21CE49CA300BC42FA /* essence(精华) */ = {
			isa = PBXGroup;
			children = (
				5AA75A241CED818C00ECCB73 /* ChildView */,
				5AA75A201CED814800ECCB73 /* ChildModel */,
				5ACEF8A81CEC75E600F87F5D /* ChildViewController */,
				5AC418E31CE49CA300BC42FA /* Model */,
				5AC418E41CE49CA300BC42FA /* View */,
				5AC418E51CE49CA300BC42FA /* ViewController */,
			);
			path = "essence(精华)";
			sourceTree = "<group>";
		};
		5AC418E31CE49CA300BC42FA /* Model */ = {
			isa = PBXGroup;
			children = (
				5AAB91221CE9D0220096945E /* BSTag.h */,
				5AAB91231CE9D0220096945E /* BSTag.m */,
			);
			path = Model;
			sourceTree = "<group>";
		};
		5AC418E41CE49CA300BC42FA /* View */ = {
			isa = PBXGroup;
			children = (
				5AAB911D1CE9CDF10096945E /* BSTagSettingTableViewCell.h */,
				5AAB911E1CE9CDF10096945E /* BSTagSettingTableViewCell.m */,
				5AAB911F1CE9CDF10096945E /* BSTagSettingTableViewCell.xib */,
			);
			path = View;
			sourceTree = "<group>";
		};
		5AC418E51CE49CA300BC42FA /* ViewController */ = {
			isa = PBXGroup;
			children = (
				5AC4190D1CE49EFA00BC42FA /* BSEssenceViewController.h */,
				5AC4190E1CE49EFA00BC42FA /* BSEssenceViewController.m */,
				5AAB91181CE9CAFA0096945E /* BSTagSettingViewController.h */,
				5AAB91191CE9CAFA0096945E /* BSTagSettingViewController.m */,
			);
			path = ViewController;
			sourceTree = "<group>";
		};
		5AC418EA1CE49CB900BC42FA /* newclick(最新) */ = {
			isa = PBXGroup;
			children = (
				5AC418EB1CE49CB900BC42FA /* Model */,
				5AC418EC1CE49CB900BC42FA /* View */,
				5AC418ED1CE49CB900BC42FA /* ViewController */,
			);
			path = "newclick(最新)";
			sourceTree = "<group>";
		};
		5AC418EB1CE49CB900BC42FA /* Model */ = {
			isa = PBXGroup;
			children = (
			);
			path = Model;
			sourceTree = "<group>";
		};
		5AC418EC1CE49CB900BC42FA /* View */ = {
			isa = PBXGroup;
			children = (
			);
			path = View;
			sourceTree = "<group>";
		};
		5AC418ED1CE49CB900BC42FA /* ViewController */ = {
			isa = PBXGroup;
			children = (
				5AC419161CE49F4300BC42FA /* BSNewClickViewController.h */,
				5AC419171CE49F4300BC42FA /* BSNewClickViewController.m */,
			);
			path = ViewController;
			sourceTree = "<group>";
		};
		5AC418F61CE49CEA00BC42FA /* friendTrends(关注) */ = {
			isa = PBXGroup;
			children = (
				5AC418F71CE49CEA00BC42FA /* Model */,
				5AC418F81CE49CEA00BC42FA /* View */,
				5AC418F91CE49CEA00BC42FA /* ViewController */,
			);
			path = "friendTrends(关注)";
			sourceTree = "<group>";
		};
		5AC418F71CE49CEA00BC42FA /* Model */ = {
			isa = PBXGroup;
			children = (
				5AED8DF91CE756CA00F06CC6 /* BSRecommendCategory.h */,
				5AED8DFA1CE756CA00F06CC6 /* BSRecommendCategory.m */,
				5ACAB8FD1CE84E0500695257 /* BSRecommendUser.h */,
				5ACAB8FE1CE84E0500695257 /* BSRecommendUser.m */,
			);
			path = Model;
			sourceTree = "<group>";
		};
		5AC418F81CE49CEA00BC42FA /* View */ = {
			isa = PBXGroup;
			children = (
				5AED8DFF1CE7595100F06CC6 /* BSRecommendCategotyTableViewCell.h */,
				5AED8E001CE7595100F06CC6 /* BSRecommendCategotyTableViewCell.m */,
				5AED8E011CE7595100F06CC6 /* BSRecommendCategotyTableViewCell.xib */,
				5ACAB9001CE8504200695257 /* BSRecommendUserTableViewCell.h */,
				5ACAB9011CE8504200695257 /* BSRecommendUserTableViewCell.m */,
				5ACAB9021CE8504200695257 /* BSRecommendUserTableViewCell.xib */,
				5AF5BEE51CEA255B0037589A /* BSVerticalButton.h */,
				5AF5BEE61CEA255B0037589A /* BSVerticalButton.m */,
				5A25BB521CEAF81D00C217EB /* BSTextField.h */,
				5A25BB531CEAF81D00C217EB /* BSTextField.m */,
			);
			path = View;
			sourceTree = "<group>";
		};
		5AC418F91CE49CEA00BC42FA /* ViewController */ = {
			isa = PBXGroup;
			children = (
				5AED8DF01CE7432900F06CC6 /* BSFriendTrendsViewController.xib */,
				5AC419131CE49F2A00BC42FA /* BSFriendTrendsViewController.h */,
				5AC419141CE49F2A00BC42FA /* BSFriendTrendsViewController.m */,
				5AED8DF21CE74B4200F06CC6 /* BSRecommandController.h */,
				5AED8DF31CE74B4200F06CC6 /* BSRecommandController.m */,
				5AED8DF41CE74B4200F06CC6 /* BSRecommandController.xib */,
				5AF5BEE01CEA10810037589A /* BSAutoLoginController.h */,
				5AF5BEE11CEA10810037589A /* BSAutoLoginController.m */,
				5AF5BEE31CEA11360037589A /* BSAutoLoginController.xib */,
			);
			path = ViewController;
			sourceTree = "<group>";
		};
		5AC418FA1CE49CF400BC42FA /* Me(我的) */ = {
			isa = PBXGroup;
			children = (
				5AC418FB1CE49CF400BC42FA /* Model */,
				5AC418FC1CE49CF400BC42FA /* View */,
				5AC418FD1CE49CF400BC42FA /* ViewController */,
			);
			path = "Me(我的)";
			sourceTree = "<group>";
		};
		5AC418FB1CE49CF400BC42FA /* Model */ = {
			isa = PBXGroup;
			children = (
			);
			path = Model;
			sourceTree = "<group>";
		};
		5AC418FC1CE49CF400BC42FA /* View */ = {
			isa = PBXGroup;
			children = (
			);
			path = View;
			sourceTree = "<group>";
		};
		5AC418FD1CE49CF400BC42FA /* ViewController */ = {
			isa = PBXGroup;
			children = (
				5AC419101CE49F0F00BC42FA /* BSMeViewController.h */,
				5AC419111CE49F0F00BC42FA /* BSMeViewController.m */,
			);
			path = ViewController;
			sourceTree = "<group>";
		};
		5AC419061CE49D9400BC42FA /* Main(主控制器) */ = {
			isa = PBXGroup;
			children = (
				5AC419071CE49D9400BC42FA /* Model */,
				5AC419081CE49D9400BC42FA /* View */,
				5AC419091CE49D9400BC42FA /* ViewController */,
			);
			path = "Main(主控制器)";
			sourceTree = "<group>";
		};
		5AC419071CE49D9400BC42FA /* Model */ = {
			isa = PBXGroup;
			children = (
			);
			path = Model;
			sourceTree = "<group>";
		};
		5AC419081CE49D9400BC42FA /* View */ = {
			isa = PBXGroup;
			children = (
				5AC419191CE4B0B000BC42FA /* BSTabBar.h */,
				5AC4191A1CE4B0B000BC42FA /* BSTabBar.m */,
			);
			path = View;
			sourceTree = "<group>";
		};
		5AC419091CE49D9400BC42FA /* ViewController */ = {
			isa = PBXGroup;
			children = (
				5AC4190A1CE49E0E00BC42FA /* BSTabBarController.h */,
				5AC4190B1CE49E0E00BC42FA /* BSTabBarController.m */,
				5ACBD1E91CE6E31200B0AF24 /* BSNavigationController.h */,
				5ACBD1EA1CE6E31200B0AF24 /* BSNavigationController.m */,
			);
			path = ViewController;
			sourceTree = "<group>";
		};
		5ACEF8A81CEC75E600F87F5D /* ChildViewController */ = {
			isa = PBXGroup;
			children = (
				5A838D661CEEFB42002E1D4E /* BSBaseTableViewController.h */,
				5A838D671CEEFB42002E1D4E /* BSBaseTableViewController.m */,
			);
			name = ChildViewController;
			sourceTree = "<group>";
		};
		9A4A7476A01E14AD6C24982D /* Pods */ = {
			isa = PBXGroup;
			children = (
				14B17412A890F7A578904E84 /* Pods.debug.xcconfig */,
				1AFF4041D4CC5C883E470F19 /* Pods.release.xcconfig */,
			);
			name = Pods;
			sourceTree = "<group>";
		};
/* End PBXGroup section */

/* Begin PBXNativeTarget section */
		5A7BA5421CE469ED004AD4CA /* 百思不得姐 */ = {
			isa = PBXNativeTarget;
			buildConfigurationList = 5A7BA5701CE469ED004AD4CA /* Build configuration list for PBXNativeTarget "百思不得姐" */;
			buildPhases = (
				7E56CA17A8376D1D3B27FE8A /* Check Pods Manifest.lock */,
				5A7BA53F1CE469ED004AD4CA /* Sources */,
				5A7BA5401CE469ED004AD4CA /* Frameworks */,
				5A7BA5411CE469ED004AD4CA /* Resources */,
				F5E210344F813949BB3E956D /* Embed Pods Frameworks */,
				B1DC006174825B165B458426 /* Copy Pods Resources */,
			);
			buildRules = (
			);
			dependencies = (
			);
			name = "百思不得姐";
			productName = "百思不得姐";
			productReference = 5A7BA5431CE469ED004AD4CA /* 百思不得姐.app */;
			productType = "com.apple.product-type.application";
		};
		5A7BA55B1CE469ED004AD4CA /* 百思不得姐Tests */ = {
			isa = PBXNativeTarget;
			buildConfigurationList = 5A7BA5731CE469ED004AD4CA /* Build configuration list for PBXNativeTarget "百思不得姐Tests" */;
			buildPhases = (
				5A7BA5581CE469ED004AD4CA /* Sources */,
				5A7BA5591CE469ED004AD4CA /* Frameworks */,
				5A7BA55A1CE469ED004AD4CA /* Resources */,
			);
			buildRules = (
			);
			dependencies = (
				5A7BA55E1CE469ED004AD4CA /* PBXTargetDependency */,
			);
			name = "百思不得姐Tests";
			productName = "百思不得姐Tests";
			productReference = 5A7BA55C1CE469ED004AD4CA /* 百思不得姐Tests.xctest */;
			productType = "com.apple.product-type.bundle.unit-test";
		};
		5A7BA5661CE469ED004AD4CA /* 百思不得姐UITests */ = {
			isa = PBXNativeTarget;
			buildConfigurationList = 5A7BA5761CE469ED004AD4CA /* Build configuration list for PBXNativeTarget "百思不得姐UITests" */;
			buildPhases = (
				5A7BA5631CE469ED004AD4CA /* Sources */,
				5A7BA5641CE469ED004AD4CA /* Frameworks */,
				5A7BA5651CE469ED004AD4CA /* Resources */,
			);
			buildRules = (
			);
			dependencies = (
				5A7BA5691CE469ED004AD4CA /* PBXTargetDependency */,
			);
			name = "百思不得姐UITests";
			productName = "百思不得姐UITests";
			productReference = 5A7BA5671CE469ED004AD4CA /* 百思不得姐UITests.xctest */;
			productType = "com.apple.product-type.bundle.ui-testing";
		};
/* End PBXNativeTarget section */

/* Begin PBXProject section */
		5A7BA53B1CE469ED004AD4CA /* Project object */ = {
			isa = PBXProject;
			attributes = {
				CLASSPREFIX = BS;
				LastUpgradeCheck = 0720;
				ORGANIZATIONNAME = com.zs;
				TargetAttributes = {
					5A7BA5421CE469ED004AD4CA = {
						CreatedOnToolsVersion = 7.2.1;
					};
					5A7BA55B1CE469ED004AD4CA = {
						CreatedOnToolsVersion = 7.2.1;
						TestTargetID = 5A7BA5421CE469ED004AD4CA;
					};
					5A7BA5661CE469ED004AD4CA = {
						CreatedOnToolsVersion = 7.2.1;
						TestTargetID = 5A7BA5421CE469ED004AD4CA;
					};
				};
			};
			buildConfigurationList = 5A7BA53E1CE469ED004AD4CA /* Build configuration list for PBXProject "百思不得姐" */;
			compatibilityVersion = "Xcode 3.2";
			developmentRegion = English;
			hasScannedForEncodings = 0;
			knownRegions = (
				en,
				Base,
			);
			mainGroup = 5A7BA53A1CE469ED004AD4CA;
			productRefGroup = 5A7BA5441CE469ED004AD4CA /* Products */;
			projectDirPath = "";
			projectRoot = "";
			targets = (
				5A7BA5421CE469ED004AD4CA /* 百思不得姐 */,
				5A7BA55B1CE469ED004AD4CA /* 百思不得姐Tests */,
				5A7BA5661CE469ED004AD4CA /* 百思不得姐UITests */,
			);
		};
/* End PBXProject section */

/* Begin PBXResourcesBuildPhase section */
		5A7BA5411CE469ED004AD4CA /* Resources */ = {
			isa = PBXResourcesBuildPhase;
			buildActionMask = 2147483647;
			files = (
				5AA75A291CED869E00ECCB73 /* BSTopicCell.xib in Resources */,
				5AF5BEE41CEA11360037589A /* BSAutoLoginController.xib in Resources */,
				5AEFB81F1CF05288000AAA78 /* BSPictureView.xib in Resources */,
				5AAB91211CE9CDF10096945E /* BSTagSettingTableViewCell.xib in Resources */,
				5AED8DF61CE74B4200F06CC6 /* BSRecommandController.xib in Resources */,
				5AED8DF11CE7432900F06CC6 /* BSFriendTrendsViewController.xib in Resources */,
				5A25BB501CEADCCB00C217EB /* BSNewFeature.xib in Resources */,
				5ACAB9041CE8504200695257 /* BSRecommendUserTableViewCell.xib in Resources */,
				5A7BA5531CE469ED004AD4CA /* Assets.xcassets in Resources */,
				5AED8E031CE7595100F06CC6 /* BSRecommendCategotyTableViewCell.xib in Resources */,
			);
			runOnlyForDeploymentPostprocessing = 0;
		};
		5A7BA55A1CE469ED004AD4CA /* Resources */ = {
			isa = PBXResourcesBuildPhase;
			buildActionMask = 2147483647;
			files = (
			);
			runOnlyForDeploymentPostprocessing = 0;
		};
		5A7BA5651CE469ED004AD4CA /* Resources */ = {
			isa = PBXResourcesBuildPhase;
			buildActionMask = 2147483647;
			files = (
			);
			runOnlyForDeploymentPostprocessing = 0;
		};
/* End PBXResourcesBuildPhase section */

/* Begin PBXShellScriptBuildPhase section */
		7E56CA17A8376D1D3B27FE8A /* Check Pods Manifest.lock */ = {
			isa = PBXShellScriptBuildPhase;
			buildActionMask = 2147483647;
			files = (
			);
			inputPaths = (
			);
			name = "Check Pods Manifest.lock";
			outputPaths = (
			);
			runOnlyForDeploymentPostprocessing = 0;
			shellPath = /bin/sh;
			shellScript = "diff \"${PODS_ROOT}/../Podfile.lock\" \"${PODS_ROOT}/Manifest.lock\" > /dev/null\nif [[ $? != 0 ]] ; then\n    cat << EOM\nerror: The sandbox is not in sync with the Podfile.lock. Run 'pod install' or update your CocoaPods installation.\nEOM\n    exit 1\nfi\n";
			showEnvVarsInLog = 0;
		};
		B1DC006174825B165B458426 /* Copy Pods Resources */ = {
			isa = PBXShellScriptBuildPhase;
			buildActionMask = 2147483647;
			files = (
			);
			inputPaths = (
			);
			name = "Copy Pods Resources";
			outputPaths = (
			);
			runOnlyForDeploymentPostprocessing = 0;
			shellPath = /bin/sh;
			shellScript = "\"${SRCROOT}/Pods/Target Support Files/Pods/Pods-resources.sh\"\n";
			showEnvVarsInLog = 0;
		};
		F5E210344F813949BB3E956D /* Embed Pods Frameworks */ = {
			isa = PBXShellScriptBuildPhase;
			buildActionMask = 2147483647;
			files = (
			);
			inputPaths = (
			);
			name = "Embed Pods Frameworks";
			outputPaths = (
			);
			runOnlyForDeploymentPostprocessing = 0;
			shellPath = /bin/sh;
			shellScript = "\"${SRCROOT}/Pods/Target Support Files/Pods/Pods-frameworks.sh\"\n";
			showEnvVarsInLog = 0;
		};
/* End PBXShellScriptBuildPhase section */

/* Begin PBXSourcesBuildPhase section */
		5A7BA53F1CE469ED004AD4CA /* Sources */ = {
			isa = PBXSourcesBuildPhase;
			buildActionMask = 2147483647;
			files = (
				5A25BB4A1CEAD96100C217EB /* AppDelegate.m in Sources */,
				5AC4190C1CE49E0E00BC42FA /* BSTabBarController.m in Sources */,
				5AED8DF51CE74B4200F06CC6 /* BSRecommandController.m in Sources */,
				5ACBD1EE1CE6F44100B0AF24 /* UIBarButtonItem+BSBarButtonItem.m in Sources */,
				5A25BB4E1CEADCBC00C217EB /* BSNewFeature.m in Sources */,
				5AC419151CE49F2A00BC42FA /* BSFriendTrendsViewController.m in Sources */,
				5AAB911B1CE9CAFA0096945E /* BSTagSettingViewController.m in Sources */,
				5AA668421CE5626C008EB020 /* UIView+BSView.m in Sources */,
				5AAB91241CE9D0220096945E /* BSTag.m in Sources */,
				5ACBD1EB1CE6E31200B0AF24 /* BSNavigationController.m in Sources */,
				5A838D651CEEEF8C002E1D4E /* NSDate+BSDateExtension.m in Sources */,
				5AA75A231CED818600ECCB73 /* BSTopics.m in Sources */,
				5AED8DFB1CE756CA00F06CC6 /* BSRecommendCategory.m in Sources */,
				5AC419181CE49F4300BC42FA /* BSNewClickViewController.m in Sources */,
				5AAB91201CE9CDF10096945E /* BSTagSettingTableViewCell.m in Sources */,
				5AF5BEE71CEA255B0037589A /* BSVerticalButton.m in Sources */,
				5AEFB8281CF085BA000AAA78 /* BSProgressView.m in Sources */,
				5AC4190F1CE49EFA00BC42FA /* BSEssenceViewController.m in Sources */,
				5AF5BEE21CEA10810037589A /* BSAutoLoginController.m in Sources */,
				5AA75A2F1CEDB7CA00ECCB73 /* NSObject+BSConst.m in Sources */,
				5A838D681CEEFB42002E1D4E /* BSBaseTableViewController.m in Sources */,
				5ACAB8FF1CE84E0500695257 /* BSRecommendUser.m in Sources */,
				5AC419121CE49F0F00BC42FA /* BSMeViewController.m in Sources */,
				5AED8E021CE7595100F06CC6 /* BSRecommendCategotyTableViewCell.m in Sources */,
				5A25BB541CEAF81D00C217EB /* BSTextField.m in Sources */,
				5ACAB9031CE8504200695257 /* BSRecommendUserTableViewCell.m in Sources */,
				5AEFB81D1CF05272000AAA78 /* BSPictureView.m in Sources */,
				5AC4191B1CE4B0B000BC42FA /* BSTabBar.m in Sources */,
				5AA75A281CED869E00ECCB73 /* BSTopicCell.m in Sources */,
				5AF5BEDF1CEA0C780037589A /* UIImage+BSImage.m in Sources */,
				5A25BB4B1CEAD96100C217EB /* Foundation+Log.m in Sources */,
				5A7BA5481CE469ED004AD4CA /* main.m in Sources */,
			);
			runOnlyForDeploymentPostprocessing = 0;
		};
		5A7BA5581CE469ED004AD4CA /* Sources */ = {
			isa = PBXSourcesBuildPhase;
			buildActionMask = 2147483647;
			files = (
				5A7BA5611CE469ED004AD4CA /* _____Tests.m in Sources */,
			);
			runOnlyForDeploymentPostprocessing = 0;
		};
		5A7BA5631CE469ED004AD4CA /* Sources */ = {
			isa = PBXSourcesBuildPhase;
			buildActionMask = 2147483647;
			files = (
				5A7BA56C1CE469ED004AD4CA /* _____UITests.m in Sources */,
			);
			runOnlyForDeploymentPostprocessing = 0;
		};
/* End PBXSourcesBuildPhase section */

/* Begin PBXTargetDependency section */
		5A7BA55E1CE469ED004AD4CA /* PBXTargetDependency */ = {
			isa = PBXTargetDependency;
			target = 5A7BA5421CE469ED004AD4CA /* 百思不得姐 */;
			targetProxy = 5A7BA55D1CE469ED004AD4CA /* PBXContainerItemProxy */;
		};
		5A7BA5691CE469ED004AD4CA /* PBXTargetDependency */ = {
			isa = PBXTargetDependency;
			target = 5A7BA5421CE469ED004AD4CA /* 百思不得姐 */;
			targetProxy = 5A7BA5681CE469ED004AD4CA /* PBXContainerItemProxy */;
		};
/* End PBXTargetDependency section */

/* Begin XCBuildConfiguration section */
		5A7BA56E1CE469ED004AD4CA /* Debug */ = {
			isa = XCBuildConfiguration;
			buildSettings = {
				ALWAYS_SEARCH_USER_PATHS = NO;
				CLANG_CXX_LANGUAGE_STANDARD = "gnu++0x";
				CLANG_CXX_LIBRARY = "libc++";
				CLANG_ENABLE_MODULES = YES;
				CLANG_ENABLE_OBJC_ARC = YES;
				CLANG_WARN_BOOL_CONVERSION = YES;
				CLANG_WARN_CONSTANT_CONVERSION = YES;
				CLANG_WARN_DIRECT_OBJC_ISA_USAGE = YES_ERROR;
				CLANG_WARN_EMPTY_BODY = YES;
				CLANG_WARN_ENUM_CONVERSION = YES;
				CLANG_WARN_INT_CONVERSION = YES;
				CLANG_WARN_OBJC_ROOT_CLASS = YES_ERROR;
				CLANG_WARN_UNREACHABLE_CODE = YES;
				CLANG_WARN__DUPLICATE_METHOD_MATCH = YES;
				"CODE_SIGN_IDENTITY[sdk=iphoneos*]" = "iPhone Developer";
				COPY_PHASE_STRIP = NO;
				DEBUG_INFORMATION_FORMAT = dwarf;
				ENABLE_STRICT_OBJC_MSGSEND = YES;
				ENABLE_TESTABILITY = YES;
				GCC_C_LANGUAGE_STANDARD = gnu99;
				GCC_DYNAMIC_NO_PIC = NO;
				GCC_NO_COMMON_BLOCKS = YES;
				GCC_OPTIMIZATION_LEVEL = 0;
				GCC_PREPROCESSOR_DEFINITIONS = (
					"DEBUG=1",
					"$(inherited)",
				);
				GCC_WARN_64_TO_32_BIT_CONVERSION = YES;
				GCC_WARN_ABOUT_RETURN_TYPE = YES_ERROR;
				GCC_WARN_UNDECLARED_SELECTOR = YES;
				GCC_WARN_UNINITIALIZED_AUTOS = YES_AGGRESSIVE;
				GCC_WARN_UNUSED_FUNCTION = YES;
				GCC_WARN_UNUSED_VARIABLE = YES;
				IPHONEOS_DEPLOYMENT_TARGET = 9.2;
				MTL_ENABLE_DEBUG_INFO = YES;
				ONLY_ACTIVE_ARCH = YES;
				SDKROOT = iphoneos;
				TARGETED_DEVICE_FAMILY = "1,2";
			};
			name = Debug;
		};
		5A7BA56F1CE469ED004AD4CA /* Release */ = {
			isa = XCBuildConfiguration;
			buildSettings = {
				ALWAYS_SEARCH_USER_PATHS = NO;
				CLANG_CXX_LANGUAGE_STANDARD = "gnu++0x";
				CLANG_CXX_LIBRARY = "libc++";
				CLANG_ENABLE_MODULES = YES;
				CLANG_ENABLE_OBJC_ARC = YES;
				CLANG_WARN_BOOL_CONVERSION = YES;
				CLANG_WARN_CONSTANT_CONVERSION = YES;
				CLANG_WARN_DIRECT_OBJC_ISA_USAGE = YES_ERROR;
				CLANG_WARN_EMPTY_BODY = YES;
				CLANG_WARN_ENUM_CONVERSION = YES;
				CLANG_WARN_INT_CONVERSION = YES;
				CLANG_WARN_OBJC_ROOT_CLASS = YES_ERROR;
				CLANG_WARN_UNREACHABLE_CODE = YES;
				CLANG_WARN__DUPLICATE_METHOD_MATCH = YES;
				"CODE_SIGN_IDENTITY[sdk=iphoneos*]" = "iPhone Developer";
				COPY_PHASE_STRIP = NO;
				DEBUG_INFORMATION_FORMAT = "dwarf-with-dsym";
				ENABLE_NS_ASSERTIONS = NO;
				ENABLE_STRICT_OBJC_MSGSEND = YES;
				GCC_C_LANGUAGE_STANDARD = gnu99;
				GCC_NO_COMMON_BLOCKS = YES;
				GCC_WARN_64_TO_32_BIT_CONVERSION = YES;
				GCC_WARN_ABOUT_RETURN_TYPE = YES_ERROR;
				GCC_WARN_UNDECLARED_SELECTOR = YES;
				GCC_WARN_UNINITIALIZED_AUTOS = YES_AGGRESSIVE;
				GCC_WARN_UNUSED_FUNCTION = YES;
				GCC_WARN_UNUSED_VARIABLE = YES;
				IPHONEOS_DEPLOYMENT_TARGET = 9.2;
				MTL_ENABLE_DEBUG_INFO = NO;
				SDKROOT = iphoneos;
				TARGETED_DEVICE_FAMILY = "1,2";
				VALIDATE_PRODUCT = YES;
			};
			name = Release;
		};
		5A7BA5711CE469ED004AD4CA /* Debug */ = {
			isa = XCBuildConfiguration;
			baseConfigurationReference = 14B17412A890F7A578904E84 /* Pods.debug.xcconfig */;
			buildSettings = {
				ASSETCATALOG_COMPILER_APPICON_NAME = AppIcon;
				ASSETCATALOG_COMPILER_LAUNCHIMAGE_NAME = "Brand Assets";
				GCC_PREFIX_HEADER = "百思不得姐/PrefixHeader.pch";
				INFOPLIST_FILE = "百思不得姐/Info.plist";
				LD_RUNPATH_SEARCH_PATHS = "$(inherited) @executable_path/Frameworks";
				PRODUCT_BUNDLE_IDENTIFIER = "zs.-----";
				PRODUCT_NAME = "$(TARGET_NAME)";
				WARNING_CFLAGS = "-Wno-deprecated-declarations";
			};
			name = Debug;
		};
		5A7BA5721CE469ED004AD4CA /* Release */ = {
			isa = XCBuildConfiguration;
			baseConfigurationReference = 1AFF4041D4CC5C883E470F19 /* Pods.release.xcconfig */;
			buildSettings = {
				ASSETCATALOG_COMPILER_APPICON_NAME = AppIcon;
				ASSETCATALOG_COMPILER_LAUNCHIMAGE_NAME = "Brand Assets";
				GCC_PREFIX_HEADER = "百思不得姐/PrefixHeader.pch";
				INFOPLIST_FILE = "百思不得姐/Info.plist";
				LD_RUNPATH_SEARCH_PATHS = "$(inherited) @executable_path/Frameworks";
				PRODUCT_BUNDLE_IDENTIFIER = "zs.-----";
				PRODUCT_NAME = "$(TARGET_NAME)";
				WARNING_CFLAGS = "-Wno-deprecated-declarations";
			};
			name = Release;
		};
		5A7BA5741CE469ED004AD4CA /* Debug */ = {
			isa = XCBuildConfiguration;
			buildSettings = {
				BUNDLE_LOADER = "$(TEST_HOST)";
				INFOPLIST_FILE = "百思不得姐Tests/Info.plist";
				LD_RUNPATH_SEARCH_PATHS = "$(inherited) @executable_path/Frameworks @loader_path/Frameworks";
				PRODUCT_BUNDLE_IDENTIFIER = "zs.-----Tests";
				PRODUCT_NAME = "$(TARGET_NAME)";
				TEST_HOST = "$(BUILT_PRODUCTS_DIR)/百思不得姐.app/百思不得姐";
			};
			name = Debug;
		};
		5A7BA5751CE469ED004AD4CA /* Release */ = {
			isa = XCBuildConfiguration;
			buildSettings = {
				BUNDLE_LOADER = "$(TEST_HOST)";
				INFOPLIST_FILE = "百思不得姐Tests/Info.plist";
				LD_RUNPATH_SEARCH_PATHS = "$(inherited) @executable_path/Frameworks @loader_path/Frameworks";
				PRODUCT_BUNDLE_IDENTIFIER = "zs.-----Tests";
				PRODUCT_NAME = "$(TARGET_NAME)";
				TEST_HOST = "$(BUILT_PRODUCTS_DIR)/百思不得姐.app/百思不得姐";
			};
			name = Release;
		};
		5A7BA5771CE469ED004AD4CA /* Debug */ = {
			isa = XCBuildConfiguration;
			buildSettings = {
				INFOPLIST_FILE = "百思不得姐UITests/Info.plist";
				LD_RUNPATH_SEARCH_PATHS = "$(inherited) @executable_path/Frameworks @loader_path/Frameworks";
				PRODUCT_BUNDLE_IDENTIFIER = "zs.-----UITests";
				PRODUCT_NAME = "$(TARGET_NAME)";
				TEST_TARGET_NAME = "百思不得姐";
				USES_XCTRUNNER = YES;
			};
			name = Debug;
		};
		5A7BA5781CE469ED004AD4CA /* Release */ = {
			isa = XCBuildConfiguration;
			buildSettings = {
				INFOPLIST_FILE = "百思不得姐UITests/Info.plist";
				LD_RUNPATH_SEARCH_PATHS = "$(inherited) @executable_path/Frameworks @loader_path/Frameworks";
				PRODUCT_BUNDLE_IDENTIFIER = "zs.-----UITests";
				PRODUCT_NAME = "$(TARGET_NAME)";
				TEST_TARGET_NAME = "百思不得姐";
				USES_XCTRUNNER = YES;
			};
			name = Release;
		};
/* End XCBuildConfiguration section */

/* Begin XCConfigurationList section */
		5A7BA53E1CE469ED004AD4CA /* Build configuration list for PBXProject "百思不得姐" */ = {
			isa = XCConfigurationList;
			buildConfigurations = (
				5A7BA56E1CE469ED004AD4CA /* Debug */,
				5A7BA56F1CE469ED004AD4CA /* Release */,
			);
			defaultConfigurationIsVisible = 0;
			defaultConfigurationName = Release;
		};
		5A7BA5701CE469ED004AD4CA /* Build configuration list for PBXNativeTarget "百思不得姐" */ = {
			isa = XCConfigurationList;
			buildConfigurations = (
				5A7BA5711CE469ED004AD4CA /* Debug */,
				5A7BA5721CE469ED004AD4CA /* Release */,
			);
			defaultConfigurationIsVisible = 0;
			defaultConfigurationName = Release;
		};
		5A7BA5731CE469ED004AD4CA /* Build configuration list for PBXNativeTarget "百思不得姐Tests" */ = {
			isa = XCConfigurationList;
			buildConfigurations = (
				5A7BA5741CE469ED004AD4CA /* Debug */,
				5A7BA5751CE469ED004AD4CA /* Release */,
			);
			defaultConfigurationIsVisible = 0;
			defaultConfigurationName = Release;
		};
		5A7BA5761CE469ED004AD4CA /* Build configuration list for PBXNativeTarget "百思不得姐UITests" */ = {
			isa = XCConfigurationList;
			buildConfigurations = (
				5A7BA5771CE469ED004AD4CA /* Debug */,
				5A7BA5781CE469ED004AD4CA /* Release */,
			);
			defaultConfigurationIsVisible = 0;
			defaultConfigurationName = Release;
		};
/* End XCConfigurationList section */
	};
	rootObject = 5A7BA53B1CE469ED004AD4CA /* Project object */;
}
